lockfileVersion: '6.0'

dependencies:
  ethereumjs-util:
    specifier: ^7.1.5
    version: 7.1.5
  ethers:
    specifier: ^5.7.2
    version: 5.7.2
  glob:
    specifier: ^10.2.4
    version: 10.2.4

packages:

  /@ethersproject/abi@5.7.0:
    resolution: {integrity: sha512-351ktp42TiRcYB3H1OP8yajPeAQstMW/yCFokj/AthP9bLHzQFPlOrxOcwYEDkUAICmOHljvN4K39OMTMUa9RA==}
    dependencies:
      '@ethersproject/address': 5.7.0
      '@ethersproject/bignumber': 5.7.0
      '@ethersproject/bytes': 5.7.0
      '@ethersproject/constants': 5.7.0
      '@ethersproject/hash': 5.7.0
      '@ethersproject/keccak256': 5.7.0
      '@ethersproject/logger': 5.7.0
      '@ethersproject/properties': 5.7.0
      '@ethersproject/strings': 5.7.0
    dev: false

  /@ethersproject/abstract-provider@5.7.0:
    resolution: {integrity: sha512-R41c9UkchKCpAqStMYUpdunjo3pkEvZC3FAwZn5S5MGbXoMQOHIdHItezTETxAO5bevtMApSyEhn9+CHcDsWBw==}
    dependencies:
      '@ethersproject/bignumber': 5.7.0
      '@ethersproject/bytes': 5.7.0
      '@ethersproject/logger': 5.7.0
      '@ethersproject/networks': 5.7.1
      '@ethersproject/properties': 5.7.0
      '@ethersproject/transactions': 5.7.0
      '@ethersproject/web': 5.7.1
    dev: false

  /@ethersproject/abstract-signer@5.7.0:
    resolution: {integrity: sha512-a16V8bq1/Cz+TGCkE2OPMTOUDLS3grCpdjoJCYNnVBbdYEMSgKrU0+B90s8b6H+ByYTBZN7a3g76jdIJi7UfKQ==}
    dependencies:
      '@ethersproject/abstract-provider': 5.7.0
      '@ethersproject/bignumber': 5.7.0
      '@ethersproject/bytes': 5.7.0
      '@ethersproject/logger': 5.7.0
      '@ethersproject/properties': 5.7.0
    dev: false

  /@ethersproject/address@5.7.0:
    resolution: {integrity: sha512-9wYhYt7aghVGo758POM5nqcOMaE168Q6aRLJZwUmiqSrAungkG74gSSeKEIR7ukixesdRZGPgVqme6vmxs1fkA==}
    dependencies:
      '@ethersproject/bignumber': 5.7.0
      '@ethersproject/bytes': 5.7.0
      '@ethersproject/keccak256': 5.7.0
      '@ethersproject/logger': 5.7.0
      '@ethersproject/rlp': 5.7.0
    dev: false

  /@ethersproject/base64@5.7.0:
    resolution: {integrity: sha512-Dr8tcHt2mEbsZr/mwTPIQAf3Ai0Bks/7gTw9dSqk1mQvhW3XvRlmDJr/4n+wg1JmCl16NZue17CDh8xb/vZ0sQ==}
    dependencies:
      '@ethersproject/bytes': 5.7.0
    dev: false

  /@ethersproject/basex@5.7.0:
    resolution: {integrity: sha512-ywlh43GwZLv2Voc2gQVTKBoVQ1mti3d8HK5aMxsfu/nRDnMmNqaSJ3r3n85HBByT8OpoY96SXM1FogC533T4zw==}
    dependencies:
      '@ethersproject/bytes': 5.7.0
      '@ethersproject/properties': 5.7.0
    dev: false

  /@ethersproject/bignumber@5.7.0:
    resolution: {integrity: sha512-n1CAdIHRWjSucQO3MC1zPSVgV/6dy/fjL9pMrPP9peL+QxEg9wOsVqwD4+818B6LUEtaXzVHQiuivzRoxPxUGw==}
    dependencies:
      '@ethersproject/bytes': 5.7.0
      '@ethersproject/logger': 5.7.0
      bn.js: 5.2.1
    dev: false

  /@ethersproject/bytes@5.7.0:
    resolution: {integrity: sha512-nsbxwgFXWh9NyYWo+U8atvmMsSdKJprTcICAkvbBffT75qDocbuggBU0SJiVK2MuTrp0q+xvLkTnGMPK1+uA9A==}
    dependencies:
      '@ethersproject/logger': 5.7.0
    dev: false

  /@ethersproject/constants@5.7.0:
    resolution: {integrity: sha512-DHI+y5dBNvkpYUMiRQyxRBYBefZkJfo70VUkUAsRjcPs47muV9evftfZ0PJVCXYbAiCgght0DtcF9srFQmIgWA==}
    dependencies:
      '@ethersproject/bignumber': 5.7.0
    dev: false

  /@ethersproject/contracts@5.7.0:
    resolution: {integrity: sha512-5GJbzEU3X+d33CdfPhcyS+z8MzsTrBGk/sc+G+59+tPa9yFkl6HQ9D6L0QMgNTA9q8dT0XKxxkyp883XsQvbbg==}
    dependencies:
      '@ethersproject/abi': 5.7.0
      '@ethersproject/abstract-provider': 5.7.0
      '@ethersproject/abstract-signer': 5.7.0
      '@ethersproject/address': 5.7.0
      '@ethersproject/bignumber': 5.7.0
      '@ethersproject/bytes': 5.7.0
      '@ethersproject/constants': 5.7.0
      '@ethersproject/logger': 5.7.0
      '@ethersproject/properties': 5.7.0
      '@ethersproject/transactions': 5.7.0
    dev: false

  /@ethersproject/hash@5.7.0:
    resolution: {integrity: sha512-qX5WrQfnah1EFnO5zJv1v46a8HW0+E5xuBBDTwMFZLuVTx0tbU2kkx15NqdjxecrLGatQN9FGQKpb1FKdHCt+g==}
    dependencies:
      '@ethersproject/abstract-signer': 5.7.0
      '@ethersproject/address': 5.7.0
      '@ethersproject/base64': 5.7.0
      '@ethersproject/bignumber': 5.7.0
      '@ethersproject/bytes': 5.7.0
      '@ethersproject/keccak256': 5.7.0
      '@ethersproject/logger': 5.7.0
      '@ethersproject/properties': 5.7.0
      '@ethersproject/strings': 5.7.0
    dev: false

  /@ethersproject/hdnode@5.7.0:
    resolution: {integrity: sha512-OmyYo9EENBPPf4ERhR7oj6uAtUAhYGqOnIS+jE5pTXvdKBS99ikzq1E7Iv0ZQZ5V36Lqx1qZLeak0Ra16qpeOg==}
    dependencies:
      '@ethersproject/abstract-signer': 5.7.0
      '@ethersproject/basex': 5.7.0
      '@ethersproject/bignumber': 5.7.0
      '@ethersproject/bytes': 5.7.0
      '@ethersproject/logger': 5.7.0
      '@ethersproject/pbkdf2': 5.7.0
      '@ethersproject/properties': 5.7.0
      '@ethersproject/sha2': 5.7.0
      '@ethersproject/signing-key': 5.7.0
      '@ethersproject/strings': 5.7.0
      '@ethersproject/transactions': 5.7.0
      '@ethersproject/wordlists': 5.7.0
    dev: false

  /@ethersproject/json-wallets@5.7.0:
    resolution: {integrity: sha512-8oee5Xgu6+RKgJTkvEMl2wDgSPSAQ9MB/3JYjFV9jlKvcYHUXZC+cQp0njgmxdHkYWn8s6/IqIZYm0YWCjO/0g==}
    dependencies:
      '@ethersproject/abstract-signer': 5.7.0
      '@ethersproject/address': 5.7.0
      '@ethersproject/bytes': 5.7.0
      '@ethersproject/hdnode': 5.7.0
      '@ethersproject/keccak256': 5.7.0
      '@ethersproject/logger': 5.7.0
      '@ethersproject/pbkdf2': 5.7.0
      '@ethersproject/properties': 5.7.0
      '@ethersproject/random': 5.7.0
      '@ethersproject/strings': 5.7.0
      '@ethersproject/transactions': 5.7.0
      aes-js: 3.0.0
      scrypt-js: 3.0.1
    dev: false

  /@ethersproject/keccak256@5.7.0:
    resolution: {integrity: sha512-2UcPboeL/iW+pSg6vZ6ydF8tCnv3Iu/8tUmLLzWWGzxWKFFqOBQFLo6uLUv6BDrLgCDfN28RJ/wtByx+jZ4KBg==}
    dependencies:
      '@ethersproject/bytes': 5.7.0
      js-sha3: 0.8.0
    dev: false

  /@ethersproject/logger@5.7.0:
    resolution: {integrity: sha512-0odtFdXu/XHtjQXJYA3u9G0G8btm0ND5Cu8M7i5vhEcE8/HmF4Lbdqanwyv4uQTr2tx6b7fQRmgLrsnpQlmnig==}
    dev: false

  /@ethersproject/networks@5.7.1:
    resolution: {integrity: sha512-n/MufjFYv3yFcUyfhnXotyDlNdFb7onmkSy8aQERi2PjNcnWQ66xXxa3XlS8nCcA8aJKJjIIMNJTC7tu80GwpQ==}
    dependencies:
      '@ethersproject/logger': 5.7.0
    dev: false

  /@ethersproject/pbkdf2@5.7.0:
    resolution: {integrity: sha512-oR/dBRZR6GTyaofd86DehG72hY6NpAjhabkhxgr3X2FpJtJuodEl2auADWBZfhDHgVCbu3/H/Ocq2uC6dpNjjw==}
    dependencies:
      '@ethersproject/bytes': 5.7.0
      '@ethersproject/sha2': 5.7.0
    dev: false

  /@ethersproject/properties@5.7.0:
    resolution: {integrity: sha512-J87jy8suntrAkIZtecpxEPxY//szqr1mlBaYlQ0r4RCaiD2hjheqF9s1LVE8vVuJCXisjIP+JgtK/Do54ej4Sw==}
    dependencies:
      '@ethersproject/logger': 5.7.0
    dev: false

  /@ethersproject/providers@5.7.2:
    resolution: {integrity: sha512-g34EWZ1WWAVgr4aptGlVBF8mhl3VWjv+8hoAnzStu8Ah22VHBsuGzP17eb6xDVRzw895G4W7vvx60lFFur/1Rg==}
    dependencies:
      '@ethersproject/abstract-provider': 5.7.0
      '@ethersproject/abstract-signer': 5.7.0
      '@ethersproject/address': 5.7.0
      '@ethersproject/base64': 5.7.0
      '@ethersproject/basex': 5.7.0
      '@ethersproject/bignumber': 5.7.0
      '@ethersproject/bytes': 5.7.0
      '@ethersproject/constants': 5.7.0
      '@ethersproject/hash': 5.7.0
      '@ethersproject/logger': 5.7.0
      '@ethersproject/networks': 5.7.1
      '@ethersproject/properties': 5.7.0
      '@ethersproject/random': 5.7.0
      '@ethersproject/rlp': 5.7.0
      '@ethersproject/sha2': 5.7.0
      '@ethersproject/strings': 5.7.0
      '@ethersproject/transactions': 5.7.0
      '@ethersproject/web': 5.7.1
      bech32: 1.1.4
      ws: 7.4.6
    transitivePeerDependencies:
      - bufferutil
      - utf-8-validate
    dev: false

  /@ethersproject/random@5.7.0:
    resolution: {integrity: sha512-19WjScqRA8IIeWclFme75VMXSBvi4e6InrUNuaR4s5pTF2qNhcGdCUwdxUVGtDDqC00sDLCO93jPQoDUH4HVmQ==}
    dependencies:
      '@ethersproject/bytes': 5.7.0
      '@ethersproject/logger': 5.7.0
    dev: false

  /@ethersproject/rlp@5.7.0:
    resolution: {integrity: sha512-rBxzX2vK8mVF7b0Tol44t5Tb8gomOHkj5guL+HhzQ1yBh/ydjGnpw6at+X6Iw0Kp3OzzzkcKp8N9r0W4kYSs9w==}
    dependencies:
      '@ethersproject/bytes': 5.7.0
      '@ethersproject/logger': 5.7.0
    dev: false

  /@ethersproject/sha2@5.7.0:
    resolution: {integrity: sha512-gKlH42riwb3KYp0reLsFTokByAKoJdgFCwI+CCiX/k+Jm2mbNs6oOaCjYQSlI1+XBVejwH2KrmCbMAT/GnRDQw==}
    dependencies:
      '@ethersproject/bytes': 5.7.0
      '@ethersproject/logger': 5.7.0
      hash.js: 1.1.7
    dev: false

  /@ethersproject/signing-key@5.7.0:
    resolution: {integrity: sha512-MZdy2nL3wO0u7gkB4nA/pEf8lu1TlFswPNmy8AiYkfKTdO6eXBJyUdmHO/ehm/htHw9K/qF8ujnTyUAD+Ry54Q==}
    dependencies:
      '@ethersproject/bytes': 5.7.0
      '@ethersproject/logger': 5.7.0
      '@ethersproject/properties': 5.7.0
      bn.js: 5.2.1
      elliptic: 6.5.4
      hash.js: 1.1.7
    dev: false

  /@ethersproject/solidity@5.7.0:
    resolution: {integrity: sha512-HmabMd2Dt/raavyaGukF4XxizWKhKQ24DoLtdNbBmNKUOPqwjsKQSdV9GQtj9CBEea9DlzETlVER1gYeXXBGaA==}
    dependencies:
      '@ethersproject/bignumber': 5.7.0
      '@ethersproject/bytes': 5.7.0
      '@ethersproject/keccak256': 5.7.0
      '@ethersproject/logger': 5.7.0
      '@ethersproject/sha2': 5.7.0
      '@ethersproject/strings': 5.7.0
    dev: false

  /@ethersproject/strings@5.7.0:
    resolution: {integrity: sha512-/9nu+lj0YswRNSH0NXYqrh8775XNyEdUQAuf3f+SmOrnVewcJ5SBNAjF7lpgehKi4abvNNXyf+HX86czCdJ8Mg==}
    dependencies:
      '@ethersproject/bytes': 5.7.0
      '@ethersproject/constants': 5.7.0
      '@ethersproject/logger': 5.7.0
    dev: false

  /@ethersproject/transactions@5.7.0:
    resolution: {integrity: sha512-kmcNicCp1lp8qanMTC3RIikGgoJ80ztTyvtsFvCYpSCfkjhD0jZ2LOrnbcuxuToLIUYYf+4XwD1rP+B/erDIhQ==}
    dependencies:
      '@ethersproject/address': 5.7.0
      '@ethersproject/bignumber': 5.7.0
      '@ethersproject/bytes': 5.7.0
      '@ethersproject/constants': 5.7.0
      '@ethersproject/keccak256': 5.7.0
      '@ethersproject/logger': 5.7.0
      '@ethersproject/properties': 5.7.0
      '@ethersproject/rlp': 5.7.0
      '@ethersproject/signing-key': 5.7.0
    dev: false

  /@ethersproject/units@5.7.0:
    resolution: {integrity: sha512-pD3xLMy3SJu9kG5xDGI7+xhTEmGXlEqXU4OfNapmfnxLVY4EMSSRp7j1k7eezutBPH7RBN/7QPnwR7hzNlEFeg==}
    dependencies:
      '@ethersproject/bignumber': 5.7.0
      '@ethersproject/constants': 5.7.0
      '@ethersproject/logger': 5.7.0
    dev: false

  /@ethersproject/wallet@5.7.0:
    resolution: {integrity: sha512-MhmXlJXEJFBFVKrDLB4ZdDzxcBxQ3rLyCkhNqVu3CDYvR97E+8r01UgrI+TI99Le+aYm/in/0vp86guJuM7FCA==}
    dependencies:
      '@ethersproject/abstract-provider': 5.7.0
      '@ethersproject/abstract-signer': 5.7.0
      '@ethersproject/address': 5.7.0
      '@ethersproject/bignumber': 5.7.0
      '@ethersproject/bytes': 5.7.0
      '@ethersproject/hash': 5.7.0
      '@ethersproject/hdnode': 5.7.0
      '@ethersproject/json-wallets': 5.7.0
      '@ethersproject/keccak256': 5.7.0
      '@ethersproject/logger': 5.7.0
      '@ethersproject/properties': 5.7.0
      '@ethersproject/random': 5.7.0
      '@ethersproject/signing-key': 5.7.0
      '@ethersproject/transactions': 5.7.0
      '@ethersproject/wordlists': 5.7.0
    dev: false

  /@ethersproject/web@5.7.1:
    resolution: {integrity: sha512-Gueu8lSvyjBWL4cYsWsjh6MtMwM0+H4HvqFPZfB6dV8ctbP9zFAO73VG1cMWae0FLPCtz0peKPpZY8/ugJJX2w==}
    dependencies:
      '@ethersproject/base64': 5.7.0
      '@ethersproject/bytes': 5.7.0
      '@ethersproject/logger': 5.7.0
      '@ethersproject/properties': 5.7.0
      '@ethersproject/strings': 5.7.0
    dev: false

  /@ethersproject/wordlists@5.7.0:
    resolution: {integrity: sha512-S2TFNJNfHWVHNE6cNDjbVlZ6MgE17MIxMbMg2zv3wn+3XSJGosL1m9ZVv3GXCf/2ymSsQ+hRI5IzoMJTG6aoVA==}
    dependencies:
      '@ethersproject/bytes': 5.7.0
      '@ethersproject/hash': 5.7.0
      '@ethersproject/logger': 5.7.0
      '@ethersproject/properties': 5.7.0
      '@ethersproject/strings': 5.7.0
    dev: false

  /@isaacs/cliui@8.0.2:
    resolution: {integrity: sha512-O8jcjabXaleOG9DQ0+ARXWZBTfnP4WNAqzuiJK7ll44AmxGKv/J2M4TPjxjY3znBCfvBXFzucm1twdyFybFqEA==}
    engines: {node: '>=12'}
    dependencies:
      string-width: 5.1.2
      string-width-cjs: /string-width@4.2.3
      strip-ansi: 7.0.1
      strip-ansi-cjs: /strip-ansi@6.0.1
      wrap-ansi: 8.1.0
      wrap-ansi-cjs: /wrap-ansi@7.0.0
    dev: false

  /@pkgjs/parseargs@0.11.0:
    resolution: {integrity: sha512-+1VkjdD0QBLPodGrJUeqarH8VAIvQODIbwh9XpP5Syisf7YoQgsJKPNFoqqLQlu+VQ/tVSshMR6loPMn8U+dPg==}
    engines: {node: '>=14'}
    requiresBuild: true
    dev: false
    optional: true

  /@types/bn.js@5.1.1:
    resolution: {integrity: sha512-qNrYbZqMx0uJAfKnKclPh+dTwK33KfLHYqtyODwd5HnXOjnkhc4qgn3BrK6RWyGZm5+sIFE7Q7Vz6QQtJB7w7g==}
    dependencies:
      '@types/node': 20.1.7
    dev: false

  /@types/node@20.1.7:
    resolution: {integrity: sha512-WCuw/o4GSwDGMoonES8rcvwsig77dGCMbZDrZr2x4ZZiNW4P/gcoZXe/0twgtobcTkmg9TuKflxYL/DuwDyJzg==}
    dev: false

  /@types/pbkdf2@3.1.0:
    resolution: {integrity: sha512-Cf63Rv7jCQ0LaL8tNXmEyqTHuIJxRdlS5vMh1mj5voN4+QFhVZnlZruezqpWYDiJ8UTzhP0VmeLXCmBk66YrMQ==}
    dependencies:
      '@types/node': 20.1.7
    dev: false

  /@types/secp256k1@4.0.3:
    resolution: {integrity: sha512-Da66lEIFeIz9ltsdMZcpQvmrmmoqrfju8pm1BH8WbYjZSwUgCwXLb9C+9XYogwBITnbsSaMdVPb2ekf7TV+03w==}
    dependencies:
      '@types/node': 20.1.7
    dev: false

  /aes-js@3.0.0:
    resolution: {integrity: sha512-H7wUZRn8WpTq9jocdxQ2c8x2sKo9ZVmzfRE13GiNJXfp7NcKYEdvl3vspKjXox6RIG2VtaRe4JFvxG4rqp2Zuw==}
    dev: false

  /ansi-regex@5.0.1:
    resolution: {integrity: sha512-quJQXlTSUGL2LH9SUXo8VwsY4soanhgo6LNSm84E1LBcE8s3O0wpdiRzyR9z/ZZJMlMWv37qOOb9pdJlMUEKFQ==}
    engines: {node: '>=8'}
    dev: false

  /ansi-regex@6.0.1:
    resolution: {integrity: sha512-n5M855fKb2SsfMIiFFoVrABHJC8QtHwVx+mHWP3QcEqBHYienj5dHSgjbxtC0WEZXYt4wcD6zrQElDPhFuZgfA==}
    engines: {node: '>=12'}
    dev: false

  /ansi-styles@4.3.0:
    resolution: {integrity: sha512-zbB9rCJAT1rbjiVDb2hqKFHNYLxgtk8NURxZ3IZwD3F6NtxbXZQCnnSi1Lkx+IDohdPlFp222wVALIheZJQSEg==}
    engines: {node: '>=8'}
    dependencies:
      color-convert: 2.0.1
    dev: false

  /ansi-styles@6.2.1:
    resolution: {integrity: sha512-bN798gFfQX+viw3R7yrGWRqnrN2oRkEkUjjl4JNn4E8GxxbjtG3FbrEIIY3l8/hrwUwIeCZvi4QuOTP4MErVug==}
    engines: {node: '>=12'}
    dev: false

  /balanced-match@1.0.2:
    resolution: {integrity: sha512-3oSeUO0TMV67hN1AmbXsK4yaqU7tjiHlbxRDZOpH0KW9+CeX4bRAaX0Anxt0tx2MrpRpWwQaPwIlISEJhYU5Pw==}
    dev: false

  /base-x@3.0.9:
    resolution: {integrity: sha512-H7JU6iBHTal1gp56aKoaa//YUxEaAOUiydvrV/pILqIHXTtqxSkATOnDA2u+jZ/61sD+L/412+7kzXRtWukhpQ==}
    dependencies:
      safe-buffer: 5.2.1
    dev: false

  /bech32@1.1.4:
    resolution: {integrity: sha512-s0IrSOzLlbvX7yp4WBfPITzpAU8sqQcpsmwXDiKwrG4r491vwCO/XpejasRNl0piBMe/DvP4Tz0mIS/X1DPJBQ==}
    dev: false

  /blakejs@1.2.1:
    resolution: {integrity: sha512-QXUSXI3QVc/gJME0dBpXrag1kbzOqCjCX8/b54ntNyW6sjtoqxqRk3LTmXzaJoh71zMsDCjM+47jS7XiwN/+fQ==}
    dev: false

  /bn.js@4.12.0:
    resolution: {integrity: sha512-c98Bf3tPniI+scsdk237ku1Dc3ujXQTSgyiPUDEOe7tRkhrqridvh8klBv0HCEso1OLOYcHuCv/cS6DNxKH+ZA==}
    dev: false

  /bn.js@5.2.1:
    resolution: {integrity: sha512-eXRvHzWyYPBuB4NBy0cmYQjGitUrtqwbvlzP3G6VFnNRbsZQIxQ10PbKKHt8gZ/HW/D/747aDl+QkDqg3KQLMQ==}
    dev: false

  /brace-expansion@2.0.1:
    resolution: {integrity: sha512-XnAIvQ8eM+kC6aULx6wuQiwVsnzsi9d3WxzV3FpWTGA19F621kwdbsAcFKXgKUHZWsy+mY6iL1sHTxWEFCytDA==}
    dependencies:
      balanced-match: 1.0.2
    dev: false

  /brorand@1.1.0:
    resolution: {integrity: sha512-cKV8tMCEpQs4hK/ik71d6LrPOnpkpGBR0wzxqr68g2m/LB2GxVYQroAjMJZRVM1Y4BCjCKc3vAamxSzOY2RP+w==}
    dev: false

  /browserify-aes@1.2.0:
    resolution: {integrity: sha512-+7CHXqGuspUn/Sl5aO7Ea0xWGAtETPXNSAjHo48JfLdPWcMng33Xe4znFvQweqc/uzk5zSOI3H52CYnjCfb5hA==}
    dependencies:
      buffer-xor: 1.0.3
      cipher-base: 1.0.4
      create-hash: 1.2.0
      evp_bytestokey: 1.0.3
      inherits: 2.0.4
      safe-buffer: 5.2.1
    dev: false

  /bs58@4.0.1:
    resolution: {integrity: sha512-Ok3Wdf5vOIlBrgCvTq96gBkJw+JUEzdBgyaza5HLtPm7yTHkjRy8+JzNyHF7BHa0bNWOQIp3m5YF0nnFcOIKLw==}
    dependencies:
      base-x: 3.0.9
    dev: false

  /bs58check@2.1.2:
    resolution: {integrity: sha512-0TS1jicxdU09dwJMNZtVAfzPi6Q6QeN0pM1Fkzrjn+XYHvzMKPU3pHVpva+769iNVSfIYWf7LJ6WR+BuuMf8cA==}
    dependencies:
      bs58: 4.0.1
      create-hash: 1.2.0
      safe-buffer: 5.2.1
    dev: false

  /buffer-xor@1.0.3:
    resolution: {integrity: sha512-571s0T7nZWK6vB67HI5dyUF7wXiNcfaPPPTl6zYCNApANjIvYJTg7hlud/+cJpdAhS7dVzqMLmfhfHR3rAcOjQ==}
    dev: false

  /cipher-base@1.0.4:
    resolution: {integrity: sha512-Kkht5ye6ZGmwv40uUDZztayT2ThLQGfnj/T71N/XzeZeo3nf8foyW7zGTsPYkEya3m5f3cAypH+qe7YOrM1U2Q==}
    dependencies:
      inherits: 2.0.4
      safe-buffer: 5.2.1
    dev: false

  /color-convert@2.0.1:
    resolution: {integrity: sha512-RRECPsj7iu/xb5oKYcsFHSppFNnsj/52OVTRKb4zP5onXwVF3zVmmToNcOfGC+CRDpfK/U584fMg38ZHCaElKQ==}
    engines: {node: '>=7.0.0'}
    dependencies:
      color-name: 1.1.4
    dev: false

  /color-name@1.1.4:
    resolution: {integrity: sha512-dOy+3AuW3a2wNbZHIuMZpTcgjGuLU/uBL/ubcZF9OXbDo8ff4O8yVp5Bf0efS8uEoYo5q4Fx7dY9OgQGXgAsQA==}
    dev: false

  /create-hash@1.2.0:
    resolution: {integrity: sha512-z00bCGNHDG8mHAkP7CtT1qVu+bFQUPjYq/4Iv3C3kWjTFV10zIjfSoeqXo9Asws8gwSHDGj/hl2u4OGIjapeCg==}
    dependencies:
      cipher-base: 1.0.4
      inherits: 2.0.4
      md5.js: 1.3.5
      ripemd160: 2.0.2
      sha.js: 2.4.11
    dev: false

  /create-hmac@1.1.7:
    resolution: {integrity: sha512-MJG9liiZ+ogc4TzUwuvbER1JRdgvUFSB5+VR/g5h82fGaIRWMWddtKBHi7/sVhfjQZ6SehlyhvQYrcYkaUIpLg==}
    dependencies:
      cipher-base: 1.0.4
      create-hash: 1.2.0
      inherits: 2.0.4
      ripemd160: 2.0.2
      safe-buffer: 5.2.1
      sha.js: 2.4.11
    dev: false

  /cross-spawn@7.0.3:
    resolution: {integrity: sha512-iRDPJKUPVEND7dHPO8rkbOnPpyDygcDFtWjpeWNCgy8WP2rXcxXL8TskReQl6OrB2G7+UJrags1q15Fudc7G6w==}
    engines: {node: '>= 8'}
    dependencies:
      path-key: 3.1.1
      shebang-command: 2.0.0
      which: 2.0.2
    dev: false

  /eastasianwidth@0.2.0:
    resolution: {integrity: sha512-I88TYZWc9XiYHRQ4/3c5rjjfgkjhLyW2luGIheGERbNQ6OY7yTybanSpDXZa8y7VUP9YmDcYa+eyq4ca7iLqWA==}
    dev: false

  /elliptic@6.5.4:
    resolution: {integrity: sha512-iLhC6ULemrljPZb+QutR5TQGB+pdW6KGD5RSegS+8sorOZT+rdQFbsQFJgvN3eRqNALqJer4oQ16YvJHlU8hzQ==}
    dependencies:
      bn.js: 4.12.0
      brorand: 1.1.0
      hash.js: 1.1.7
      hmac-drbg: 1.0.1
      inherits: 2.0.4
      minimalistic-assert: 1.0.1
      minimalistic-crypto-utils: 1.0.1
    dev: false

  /emoji-regex@8.0.0:
    resolution: {integrity: sha512-MSjYzcWNOA0ewAHpz0MxpYFvwg6yjy1NG3xteoqz644VCo/RPgnr1/GGt+ic3iJTzQ8Eu3TdM14SawnVUmGE6A==}
    dev: false

  /emoji-regex@9.2.2:
    resolution: {integrity: sha512-L18DaJsXSUk2+42pv8mLs5jJT2hqFkFE4j21wOmgbUqsZ2hL72NsUU785g9RXgo3s0ZNgVl42TiHp3ZtOv/Vyg==}
    dev: false

  /ethereum-cryptography@0.1.3:
    resolution: {integrity: sha512-w8/4x1SGGzc+tO97TASLja6SLd3fRIK2tLVcV2Gx4IB21hE19atll5Cq9o3d0ZmAYC/8aw0ipieTSiekAea4SQ==}
    dependencies:
      '@types/pbkdf2': 3.1.0
      '@types/secp256k1': 4.0.3
      blakejs: 1.2.1
      browserify-aes: 1.2.0
      bs58check: 2.1.2
      create-hash: 1.2.0
      create-hmac: 1.1.7
      hash.js: 1.1.7
      keccak: 3.0.3
      pbkdf2: 3.1.2
      randombytes: 2.1.0
      safe-buffer: 5.2.1
      scrypt-js: 3.0.1
      secp256k1: 4.0.3
      setimmediate: 1.0.5
    dev: false

  /ethereumjs-util@7.1.5:
    resolution: {integrity: sha512-SDl5kKrQAudFBUe5OJM9Ac6WmMyYmXX/6sTmLZ3ffG2eY6ZIGBes3pEDxNN6V72WyOw4CPD5RomKdsa8DAAwLg==}
    engines: {node: '>=10.0.0'}
    dependencies:
      '@types/bn.js': 5.1.1
      bn.js: 5.2.1
      create-hash: 1.2.0
      ethereum-cryptography: 0.1.3
      rlp: 2.2.7
    dev: false

  /ethers@5.7.2:
    resolution: {integrity: sha512-wswUsmWo1aOK8rR7DIKiWSw9DbLWe6x98Jrn8wcTflTVvaXhAMaB5zGAXy0GYQEQp9iO1iSHWVyARQm11zUtyg==}
    dependencies:
      '@ethersproject/abi': 5.7.0
      '@ethersproject/abstract-provider': 5.7.0
      '@ethersproject/abstract-signer': 5.7.0
      '@ethersproject/address': 5.7.0
      '@ethersproject/base64': 5.7.0
      '@ethersproject/basex': 5.7.0
      '@ethersproject/bignumber': 5.7.0
      '@ethersproject/bytes': 5.7.0
      '@ethersproject/constants': 5.7.0
      '@ethersproject/contracts': 5.7.0
      '@ethersproject/hash': 5.7.0
      '@ethersproject/hdnode': 5.7.0
      '@ethersproject/json-wallets': 5.7.0
      '@ethersproject/keccak256': 5.7.0
      '@ethersproject/logger': 5.7.0
      '@ethersproject/networks': 5.7.1
      '@ethersproject/pbkdf2': 5.7.0
      '@ethersproject/properties': 5.7.0
      '@ethersproject/providers': 5.7.2
      '@ethersproject/random': 5.7.0
      '@ethersproject/rlp': 5.7.0
      '@ethersproject/sha2': 5.7.0
      '@ethersproject/signing-key': 5.7.0
      '@ethersproject/solidity': 5.7.0
      '@ethersproject/strings': 5.7.0
      '@ethersproject/transactions': 5.7.0
      '@ethersproject/units': 5.7.0
      '@ethersproject/wallet': 5.7.0
      '@ethersproject/web': 5.7.1
      '@ethersproject/wordlists': 5.7.0
    transitivePeerDependencies:
      - bufferutil
      - utf-8-validate
    dev: false

  /evp_bytestokey@1.0.3:
    resolution: {integrity: sha512-/f2Go4TognH/KvCISP7OUsHn85hT9nUkxxA9BEWxFn+Oj9o8ZNLm/40hdlgSLyuOimsrTKLUMEorQexp/aPQeA==}
    dependencies:
      md5.js: 1.3.5
      safe-buffer: 5.2.1
    dev: false

  /foreground-child@3.1.1:
    resolution: {integrity: sha512-TMKDUnIte6bfb5nWv7V/caI169OHgvwjb7V4WkeUvbQQdjr5rWKqHFiKWb/fcOwB+CzBT+qbWjvj+DVwRskpIg==}
    engines: {node: '>=14'}
    dependencies:
      cross-spawn: 7.0.3
      signal-exit: 4.0.2
    dev: false

  /glob@10.2.4:
    resolution: {integrity: sha512-fDboBse/sl1oXSLhIp0FcCJgzW9KmhC/q8ULTKC82zc+DL3TL7FNb8qlt5qqXN53MsKEUSIcb+7DLmEygOE5Yw==}
    engines: {node: '>=16 || 14 >=14.17'}
    hasBin: true
    dependencies:
      foreground-child: 3.1.1
      jackspeak: 2.2.0
      minimatch: 9.0.0
      minipass: 6.0.1
      path-scurry: 1.9.1
    dev: false

  /hash-base@3.1.0:
    resolution: {integrity: sha512-1nmYp/rhMDiE7AYkDw+lLwlAzz0AntGIe51F3RfFfEqyQ3feY2eI/NcwC6umIQVOASPMsWJLJScWKSSvzL9IVA==}
    engines: {node: '>=4'}
    dependencies:
      inherits: 2.0.4
      readable-stream: 3.6.2
      safe-buffer: 5.2.1
    dev: false

  /hash.js@1.1.7:
    resolution: {integrity: sha512-taOaskGt4z4SOANNseOviYDvjEJinIkRgmp7LbKP2YTTmVxWBl87s/uzK9r+44BclBSp2X7K1hqeNfz9JbBeXA==}
    dependencies:
      inherits: 2.0.4
      minimalistic-assert: 1.0.1
    dev: false

  /hmac-drbg@1.0.1:
    resolution: {integrity: sha512-Tti3gMqLdZfhOQY1Mzf/AanLiqh1WTiJgEj26ZuYQ9fbkLomzGchCws4FyrSd4VkpBfiNhaE1On+lOz894jvXg==}
    dependencies:
      hash.js: 1.1.7
      minimalistic-assert: 1.0.1
      minimalistic-crypto-utils: 1.0.1
    dev: false

  /inherits@2.0.4:
    resolution: {integrity: sha512-k/vGaX4/Yla3WzyMCvTQOXYeIHvqOKtnqBduzTHpzpQZzAskKMhZ2K+EnBiSM9zGSoIFeMpXKxa4dYeZIQqewQ==}
    dev: false

  /is-fullwidth-code-point@3.0.0:
    resolution: {integrity: sha512-zymm5+u+sCsSWyD9qNaejV3DFvhCKclKdizYaJUuHA83RLjb7nSuGnddCHGv0hk+KY7BMAlsWeK4Ueg6EV6XQg==}
    engines: {node: '>=8'}
    dev: false

  /isexe@2.0.0:
    resolution: {integrity: sha512-RHxMLp9lnKHGHRng9QFhRCMbYAcVpn69smSGcq3f36xjgVVWThj4qqLbTLlq7Ssj8B+fIQ1EuCEGI2lKsyQeIw==}
    dev: false

  /jackspeak@2.2.0:
    resolution: {integrity: sha512-r5XBrqIJfwRIjRt/Xr5fv9Wh09qyhHfKnYddDlpM+ibRR20qrYActpCAgU6U+d53EOEjzkvxPMVHSlgR7leXrQ==}
    engines: {node: '>=14'}
    dependencies:
      '@isaacs/cliui': 8.0.2
    optionalDependencies:
      '@pkgjs/parseargs': 0.11.0
    dev: false

  /js-sha3@0.8.0:
    resolution: {integrity: sha512-gF1cRrHhIzNfToc802P800N8PpXS+evLLXfsVpowqmAFR9uwbi89WvXg2QspOmXL8QL86J4T1EpFu+yUkwJY3Q==}
    dev: false

  /keccak@3.0.3:
    resolution: {integrity: sha512-JZrLIAJWuZxKbCilMpNz5Vj7Vtb4scDG3dMXLOsbzBmQGyjwE61BbW7bJkfKKCShXiQZt3T6sBgALRtmd+nZaQ==}
    engines: {node: '>=10.0.0'}
    requiresBuild: true
    dependencies:
      node-addon-api: 2.0.2
      node-gyp-build: 4.6.0
      readable-stream: 3.6.2
    dev: false

  /lru-cache@9.1.1:
    resolution: {integrity: sha512-65/Jky17UwSb0BuB9V+MyDpsOtXKmYwzhyl+cOa9XUiI4uV2Ouy/2voFP3+al0BjZbJgMBD8FojMpAf+Z+qn4A==}
    engines: {node: 14 || >=16.14}
    dev: false

  /md5.js@1.3.5:
    resolution: {integrity: sha512-xitP+WxNPcTTOgnTJcrhM0xvdPepipPSf3I8EIpGKeFLjt3PlJLIDG3u8EX53ZIubkb+5U2+3rELYpEhHhzdkg==}
    dependencies:
      hash-base: 3.1.0
      inherits: 2.0.4
      safe-buffer: 5.2.1
    dev: false

  /minimalistic-assert@1.0.1:
    resolution: {integrity: sha512-UtJcAD4yEaGtjPezWuO9wC4nwUnVH/8/Im3yEHQP4b67cXlD/Qr9hdITCU1xDbSEXg2XKNaP8jsReV7vQd00/A==}
    dev: false

  /minimalistic-crypto-utils@1.0.1:
    resolution: {integrity: sha512-JIYlbt6g8i5jKfJ3xz7rF0LXmv2TkDxBLUkiBeZ7bAx4GnnNMr8xFpGnOxn6GhTEHx3SjRrZEoU+j04prX1ktg==}
    dev: false

  /minimatch@9.0.0:
    resolution: {integrity: sha512-0jJj8AvgKqWN05mrwuqi8QYKx1WmYSUoKSxu5Qhs9prezTz10sxAHGNZe9J9cqIJzta8DWsleh2KaVaLl6Ru2w==}
    engines: {node: '>=16 || 14 >=14.17'}
    dependencies:
      brace-expansion: 2.0.1
    dev: false

  /minipass@6.0.1:
    resolution: {integrity: sha512-Tenl5QPpgozlOGBiveNYHg2f6y+VpxsXRoIHFUVJuSmTonXRAE6q9b8Mp/O46762/2AlW4ye4Nkyvx0fgWDKbw==}
    engines: {node: '>=16 || 14 >=14.17'}
    dev: false

  /node-addon-api@2.0.2:
    resolution: {integrity: sha512-Ntyt4AIXyaLIuMHF6IOoTakB3K+RWxwtsHNRxllEoA6vPwP9o4866g6YWDLUdnucilZhmkxiHwHr11gAENw+QA==}
    dev: false

  /node-gyp-build@4.6.0:
    resolution: {integrity: sha512-NTZVKn9IylLwUzaKjkas1e4u2DLNcV4rdYagA4PWdPwW87Bi7z+BznyKSRwS/761tV/lzCGXplWsiaMjLqP2zQ==}
    hasBin: true
    dev: false

  /path-key@3.1.1:
    resolution: {integrity: sha512-ojmeN0qd+y0jszEtoY48r0Peq5dwMEkIlCOu6Q5f41lfkswXuKtYrhgoTpLnyIcHm24Uhqx+5Tqm2InSwLhE6Q==}
    engines: {node: '>=8'}
    dev: false

  /path-scurry@1.9.1:
    resolution: {integrity: sha512-UgmoiySyjFxP6tscZDgWGEAgsW5ok8W3F5CJDnnH2pozwSTGE6eH7vwTotMwATWA2r5xqdkKdxYPkwlJjAI/3g==}
    engines: {node: '>=16 || 14 >=14.17'}
    dependencies:
      lru-cache: 9.1.1
      minipass: 6.0.1
    dev: false

  /pbkdf2@3.1.2:
    resolution: {integrity: sha512-iuh7L6jA7JEGu2WxDwtQP1ddOpaJNC4KlDEFfdQajSGgGPNi4OyDc2R7QnbY2bR9QjBVGwgvTdNJZoE7RaxUMA==}
    engines: {node: '>=0.12'}
    dependencies:
      create-hash: 1.2.0
      create-hmac: 1.1.7
      ripemd160: 2.0.2
      safe-buffer: 5.2.1
      sha.js: 2.4.11
    dev: false

  /randombytes@2.1.0:
    resolution: {integrity: sha512-vYl3iOX+4CKUWuxGi9Ukhie6fsqXqS9FE2Zaic4tNFD2N2QQaXOMFbuKK4QmDHC0JO6B1Zp41J0LpT0oR68amQ==}
    dependencies:
      safe-buffer: 5.2.1
    dev: false

  /readable-stream@3.6.2:
    resolution: {integrity: sha512-9u/sniCrY3D5WdsERHzHE4G2YCXqoG5FTHUiCC4SIbr6XcLZBY05ya9EKjYek9O5xOAwjGq+1JdGBAS7Q9ScoA==}
    engines: {node: '>= 6'}
    dependencies:
      inherits: 2.0.4
      string_decoder: 1.3.0
      util-deprecate: 1.0.2
    dev: false

  /ripemd160@2.0.2:
    resolution: {integrity: sha512-ii4iagi25WusVoiC4B4lq7pbXfAp3D9v5CwfkY33vffw2+pkDjY1D8GaN7spsxvCSx8dkPqOZCEZyfxcmJG2IA==}
    dependencies:
      hash-base: 3.1.0
      inherits: 2.0.4
    dev: false

  /rlp@2.2.7:
    resolution: {integrity: sha512-d5gdPmgQ0Z+AklL2NVXr/IoSjNZFfTVvQWzL/AM2AOcSzYP2xjlb0AC8YyCLc41MSNf6P6QVtjgPdmVtzb+4lQ==}
    hasBin: true
    dependencies:
      bn.js: 5.2.1
    dev: false

  /safe-buffer@5.2.1:
    resolution: {integrity: sha512-rp3So07KcdmmKbGvgaNxQSJr7bGVSVk5S9Eq1F+ppbRo70+YeaDxkw5Dd8NPN+GD6bjnYm2VuPuCXmpuYvmCXQ==}
    dev: false

  /scrypt-js@3.0.1:
    resolution: {integrity: sha512-cdwTTnqPu0Hyvf5in5asVdZocVDTNRmR7XEcJuIzMjJeSHybHl7vpB66AzwTaIg6CLSbtjcxc8fqcySfnTkccA==}
    dev: false

  /secp256k1@4.0.3:
    resolution: {integrity: sha512-NLZVf+ROMxwtEj3Xa562qgv2BK5e2WNmXPiOdVIPLgs6lyTzMvBq0aWTYMI5XCP9jZMVKOcqZLw/Wc4vDkuxhA==}
    engines: {node: '>=10.0.0'}
    requiresBuild: true
    dependencies:
      elliptic: 6.5.4
      node-addon-api: 2.0.2
      node-gyp-build: 4.6.0
    dev: false

  /setimmediate@1.0.5:
    resolution: {integrity: sha512-MATJdZp8sLqDl/68LfQmbP8zKPLQNV6BIZoIgrscFDQ+RsvK/BxeDQOgyxKKoh0y/8h3BqVFnCqQ/gd+reiIXA==}
    dev: false

  /sha.js@2.4.11:
    resolution: {integrity: sha512-QMEp5B7cftE7APOjk5Y6xgrbWu+WkLVQwk8JNjZ8nKRciZaByEW6MubieAiToS7+dwvrjGhH8jRXz3MVd0AYqQ==}
    hasBin: true
    dependencies:
      inherits: 2.0.4
      safe-buffer: 5.2.1
    dev: false

  /shebang-command@2.0.0:
    resolution: {integrity: sha512-kHxr2zZpYtdmrN1qDjrrX/Z1rR1kG8Dx+gkpK1G4eXmvXswmcE1hTWBWYUzlraYw1/yZp6YuDY77YtvbN0dmDA==}
    engines: {node: '>=8'}
    dependencies:
      shebang-regex: 3.0.0
    dev: false

  /shebang-regex@3.0.0:
    resolution: {integrity: sha512-7++dFhtcx3353uBaq8DDR4NuxBetBzC7ZQOhmTQInHEd6bSrXdiEyzCvG07Z44UYdLShWUyXt5M/yhz8ekcb1A==}
    engines: {node: '>=8'}
    dev: false

  /signal-exit@4.0.2:
    resolution: {integrity: sha512-MY2/qGx4enyjprQnFaZsHib3Yadh3IXyV2C321GY0pjGfVBu4un0uDJkwgdxqO+Rdx8JMT8IfJIRwbYVz3Ob3Q==}
    engines: {node: '>=14'}
    dev: false

  /string-width@4.2.3:
    resolution: {integrity: sha512-wKyQRQpjJ0sIp62ErSZdGsjMJWsap5oRNihHhu6G7JVO/9jIB6UyevL+tXuOqrng8j/cxKTWyWUwvSTriiZz/g==}
    engines: {node: '>=8'}
    dependencies:
      emoji-regex: 8.0.0
      is-fullwidth-code-point: 3.0.0
      strip-ansi: 6.0.1
    dev: false

  /string-width@5.1.2:
    resolution: {integrity: sha512-HnLOCR3vjcY8beoNLtcjZ5/nxn2afmME6lhrDrebokqMap+XbeW8n9TXpPDOqdGK5qcI3oT0GKTW6wC7EMiVqA==}
    engines: {node: '>=12'}
    dependencies:
      eastasianwidth: 0.2.0
      emoji-regex: 9.2.2
      strip-ansi: 7.0.1
    dev: false

  /string_decoder@1.3.0:
    resolution: {integrity: sha512-hkRX8U1WjJFd8LsDJ2yQ/wWWxaopEsABU1XfkM8A+j0+85JAGppt16cr1Whg6KIbb4okU6Mql6BOj+uup/wKeA==}
    dependencies:
      safe-buffer: 5.2.1
    dev: false

  /strip-ansi@6.0.1:
    resolution: {integrity: sha512-Y38VPSHcqkFrCpFnQ9vuSXmquuv5oXOKpGeT6aGrr3o3Gc9AlVa6JBfUSOCnbxGGZF+/0ooI7KrPuUSztUdU5A==}
    engines: {node: '>=8'}
    dependencies:
      ansi-regex: 5.0.1
    dev: false

  /strip-ansi@7.0.1:
    resolution: {integrity: sha512-cXNxvT8dFNRVfhVME3JAe98mkXDYN2O1l7jmcwMnOslDeESg1rF/OZMtK0nRAhiari1unG5cD4jG3rapUAkLbw==}
    engines: {node: '>=12'}
    dependencies:
      ansi-regex: 6.0.1
    dev: false

  /util-deprecate@1.0.2:
    resolution: {integrity: sha512-EPD5q1uXyFxJpCrLnCc1nHnq3gOa6DZBocAIiI2TaSCA7VCJ1UJDMagCzIkXNsUYfD1daK//LTEQ8xiIbrHtcw==}
    dev: false

  /which@2.0.2:
    resolution: {integrity: sha512-BLI3Tl1TW3Pvl70l3yq3Y64i+awpwXqsGBYWkkqMtnbXgrMD+yj7rhW0kuEDxzJaYXGjEW5ogapKNMEKNMjibA==}
    engines: {node: '>= 8'}
    hasBin: true
    dependencies:
      isexe: 2.0.0
    dev: false

  /wrap-ansi@7.0.0:
    resolution: {integrity: sha512-YVGIj2kamLSTxw6NsZjoBxfSwsn0ycdesmc4p+Q21c5zPuZ1pl+NfxVdxPtdHvmNVOQ6XSYG4AUtyt/Fi7D16Q==}
    engines: {node: '>=10'}
    dependencies:
      ansi-styles: 4.3.0
      string-width: 4.2.3
      strip-ansi: 6.0.1
    dev: false

  /wrap-ansi@8.1.0:
    resolution: {integrity: sha512-si7QWI6zUMq56bESFvagtmzMdGOtoxfR+Sez11Mobfc7tm+VkUckk9bW2UeffTGVUbOksxmSw0AA2gs8g71NCQ==}
    engines: {node: '>=12'}
    dependencies:
      ansi-styles: 6.2.1
      string-width: 5.1.2
      strip-ansi: 7.0.1
    dev: false

  /ws@7.4.6:
    resolution: {integrity: sha512-YmhHDO4MzaDLB+M9ym/mDA5z0naX8j7SIlT8f8z+I0VtzsRbekxEutHSme7NPS2qE8StCYQNUnfWdXta/Yu85A==}
    engines: {node: '>=8.3.0'}
    peerDependencies:
      bufferutil: ^4.0.1
      utf-8-validate: ^5.0.2
    peerDependenciesMeta:
      bufferutil:
        optional: true
      utf-8-validate:
        optional: true
    dev: false
